
Microsoft Visual Studio Solution File, Format Version 12.00
# Visual Studio Version 16
VisualStudioVersion = 16.0.30309.148
MinimumVisualStudioVersion = 10.0.40219.1
Project("{FAE04EC0-301F-11D3-BF4B-00C04F79EFBC}") = "TreeFileSearchet", "TreeFileSearchet\TreeFileSearchet.csproj", "{3B687891-16E5-48E7-86D9-F7AB4E274363}"
EndProject
Global
	GlobalSection(SolutionConfigurationPlatforms) = preSolution
		Debug|Any CPU = Debug|Any CPU
		Release|Any CPU = Release|Any CPU
	EndGlobalSection
	GlobalSection(ProjectConfigurationPlatforms) = postSolution
		{3B687891-16E5-48E7-86D9-F7AB4E274363}.Debug|Any CPU.ActiveCfg = Debug|Any CPU
		{3B687891-16E5-48E7-86D9-F7AB4E274363}.Debug|Any CPU.Build.0 = Debug|Any CPU
		{3B687891-16E5-48E7-86D9-F7AB4E274363}.Release|Any CPU.ActiveCfg = Release|Any CPU
		{3B687891-16E5-48E7-86D9-F7AB4E274363}.Release|Any CPU.Build.0 = Release|Any CPU
	EndGlobalSection
	GlobalSection(SolutionProperties) = preSolution
		HideSolutionNode = FALSE
	EndGlobalSection
	GlobalSection(ExtensibilityGlobals) = postSolution
		SolutionGuid = {E34748C8-AAEA-47CB-A66C-EC4E6B59CDE3}
	EndGlobalSection
EndGlobal
