
Microsoft Visual Studio Solution File, Format Version 12.00
# Visual Studio Version 16
VisualStudioVersion = 16.0.29519.87
MinimumVisualStudioVersion = 10.0.40219.1
Project("{FAE04EC0-301F-11D3-BF4B-00C04F79EFBC}") = "Laplacian", "Laplacian\Laplacian.csproj", "{2BC7E631-7B25-42CF-829F-DA7BEE1F4093}"
EndProject
Global
	GlobalSection(SolutionConfigurationPlatforms) = preSolution
		Debug|Any CPU = Debug|Any CPU
		Release|Any CPU = Release|Any CPU
	EndGlobalSection
	GlobalSection(ProjectConfigurationPlatforms) = postSolution
		{2BC7E631-7B25-42CF-829F-DA7BEE1F4093}.Debug|Any CPU.ActiveCfg = Debug|Any CPU
		{2BC7E631-7B25-42CF-829F-DA7BEE1F4093}.Debug|Any CPU.Build.0 = Debug|Any CPU
		{2BC7E631-7B25-42CF-829F-DA7BEE1F4093}.Release|Any CPU.ActiveCfg = Release|Any CPU
		{2BC7E631-7B25-42CF-829F-DA7BEE1F4093}.Release|Any CPU.Build.0 = Release|Any CPU
	EndGlobalSection
	GlobalSection(SolutionProperties) = preSolution
		HideSolutionNode = FALSE
	EndGlobalSection
	GlobalSection(ExtensibilityGlobals) = postSolution
		SolutionGuid = {99F5F5FB-E0CA-4C20-8315-C69B8EC9950A}
	EndGlobalSection
EndGlobal
