
Microsoft Visual Studio Solution File, Format Version 12.00
# Visual Studio Version 16
VisualStudioVersion = 16.0.29403.142
MinimumVisualStudioVersion = 10.0.40219.1
Project("{9A19103F-16F7-4668-BE54-9A1E7A4F7556}") = "Encryption1", "Encryption1\Encryption1.csproj", "{16BF081D-369B-4498-98F6-6592CC08374A}"
EndProject
Global
	GlobalSection(SolutionConfigurationPlatforms) = preSolution
		Debug|Any CPU = Debug|Any CPU
		Release|Any CPU = Release|Any CPU
	EndGlobalSection
	GlobalSection(ProjectConfigurationPlatforms) = postSolution
		{16BF081D-369B-4498-98F6-6592CC08374A}.Debug|Any CPU.ActiveCfg = Debug|Any CPU
		{16BF081D-369B-4498-98F6-6592CC08374A}.Debug|Any CPU.Build.0 = Debug|Any CPU
		{16BF081D-369B-4498-98F6-6592CC08374A}.Release|Any CPU.ActiveCfg = Release|Any CPU
		{16BF081D-369B-4498-98F6-6592CC08374A}.Release|Any CPU.Build.0 = Release|Any CPU
	EndGlobalSection
	GlobalSection(SolutionProperties) = preSolution
		HideSolutionNode = FALSE
	EndGlobalSection
	GlobalSection(ExtensibilityGlobals) = postSolution
		SolutionGuid = {4266CF7E-C7D4-459F-83AA-13AE27C47DF5}
	EndGlobalSection
EndGlobal
