
Microsoft Visual Studio Solution File, Format Version 12.00
# Visual Studio Version 16
VisualStudioVersion = 16.0.29403.142
MinimumVisualStudioVersion = 10.0.40219.1
Project("{FAE04EC0-301F-11D3-BF4B-00C04F79EFBC}") = "Encryption4", "Encryption4\Encryption4.csproj", "{EE64C917-CF3A-4C93-B4CB-05D9ECA95F42}"
EndProject
Global
	GlobalSection(SolutionConfigurationPlatforms) = preSolution
		Debug|Any CPU = Debug|Any CPU
		Release|Any CPU = Release|Any CPU
	EndGlobalSection
	GlobalSection(ProjectConfigurationPlatforms) = postSolution
		{EE64C917-CF3A-4C93-B4CB-05D9ECA95F42}.Debug|Any CPU.ActiveCfg = Debug|Any CPU
		{EE64C917-CF3A-4C93-B4CB-05D9ECA95F42}.Debug|Any CPU.Build.0 = Debug|Any CPU
		{EE64C917-CF3A-4C93-B4CB-05D9ECA95F42}.Release|Any CPU.ActiveCfg = Release|Any CPU
		{EE64C917-CF3A-4C93-B4CB-05D9ECA95F42}.Release|Any CPU.Build.0 = Release|Any CPU
	EndGlobalSection
	GlobalSection(SolutionProperties) = preSolution
		HideSolutionNode = FALSE
	EndGlobalSection
	GlobalSection(ExtensibilityGlobals) = postSolution
		SolutionGuid = {A62A34B4-33B6-477F-AFE1-BD05D58C946C}
	EndGlobalSection
EndGlobal
